
Microsoft Visual Studio Solution File, Format Version 11.00
# Visual Studio 2010
Project("{FAE04EC0-301F-11D3-BF4B-00C04F79EFBC}") = "Trek", "Trek.csproj", "{713989D5-02BF-4ED1-A18D-16BB837BE32D}"
EndProject
Global
	GlobalSection(SolutionConfigurationPlatforms) = preSolution
		Debug|iPhoneSimulator = Debug|iPhoneSimulator
		Release|iPhoneSimulator = Release|iPhoneSimulator
		Debug|iPhone = Debug|iPhone
		Release|iPhone = Release|iPhone
	EndGlobalSection
	GlobalSection(ProjectConfigurationPlatforms) = postSolution
		{713989D5-02BF-4ED1-A18D-16BB837BE32D}.Debug|iPhone.ActiveCfg = Debug|iPhone
		{713989D5-02BF-4ED1-A18D-16BB837BE32D}.Debug|iPhone.Build.0 = Debug|iPhone
		{713989D5-02BF-4ED1-A18D-16BB837BE32D}.Debug|iPhoneSimulator.ActiveCfg = Debug|iPhoneSimulator
		{713989D5-02BF-4ED1-A18D-16BB837BE32D}.Debug|iPhoneSimulator.Build.0 = Debug|iPhoneSimulator
		{713989D5-02BF-4ED1-A18D-16BB837BE32D}.Release|iPhone.ActiveCfg = Release|iPhone
		{713989D5-02BF-4ED1-A18D-16BB837BE32D}.Release|iPhone.Build.0 = Release|iPhone
		{713989D5-02BF-4ED1-A18D-16BB837BE32D}.Release|iPhoneSimulator.ActiveCfg = Release|iPhoneSimulator
		{713989D5-02BF-4ED1-A18D-16BB837BE32D}.Release|iPhoneSimulator.Build.0 = Release|iPhoneSimulator
	EndGlobalSection
	GlobalSection(MonoDevelopProperties) = preSolution
		StartupItem = Trek.csproj
	EndGlobalSection
EndGlobal
